
Microsoft Visual Studio Solution File, Format Version 12.00
Project("{2150E333-8FDC-42A3-9474-1A3956D46DE8}") = "Shared", "Shared", "{250F33B8-1112-4F0A-B722-C77F041C1C95}"
EndProject
Project("{2150E333-8FDC-42A3-9474-1A3956D46DE8}") = "Services", "Services", "{E06B25BD-CD08-46CE-B727-0090D182B201}"
EndProject
Project("{2150E333-8FDC-42A3-9474-1A3956D46DE8}") = "Web", "Web", "{57746C56-063A-4AC7-9D89-212108E0B1A3}"
EndProject
Project("{2150E333-8FDC-42A3-9474-1A3956D46DE8}") = "Identidade", "Identidade", "{F0948641-BAAF-4ADB-8E72-060C7A1FBE22}"
EndProject
Project("{FAE04EC0-301F-11D3-BF4B-00C04F79EFBC}") = "Identidade.API", "src\services\Identidade.API\Identidade.API.csproj", "{0686CE42-5870-478B-BAA2-93286C94B4F7}"
EndProject
Project("{2150E333-8FDC-42A3-9474-1A3956D46DE8}") = "MVC", "MVC", "{5532538B-B172-43B3-B3BA-0E0FFE12DAEA}"
EndProject
Project("{FAE04EC0-301F-11D3-BF4B-00C04F79EFBC}") = "WebApp.MVC", "src\web\WebApp.MVC\WebApp.MVC.csproj", "{43AA5E97-0EB5-40F0-90DE-46CE2461D334}"
	ProjectSection(ProjectDependencies) = postProject
		{0686CE42-5870-478B-BAA2-93286C94B4F7} = {0686CE42-5870-478B-BAA2-93286C94B4F7}
	EndProjectSection
EndProject
Project("{2150E333-8FDC-42A3-9474-1A3956D46DE8}") = "Core", "Core", "{87F5B953-3D25-4E33-9E0B-9198157F224A}"
EndProject
Project("{FAE04EC0-301F-11D3-BF4B-00C04F79EFBC}") = "Core", "src\shared\Core\Core.csproj", "{FBAB459E-36A1-4935-9FDB-F157F3044828}"
EndProject
Project("{2150E333-8FDC-42A3-9474-1A3956D46DE8}") = "Carrinho", "Carrinho", "{8066E0FC-124A-467B-AF68-43DA986409AA}"
EndProject
Project("{FAE04EC0-301F-11D3-BF4B-00C04F79EFBC}") = "Carrinho.API", "src\services\Carrinho.API\Carrinho.API.csproj", "{52C0BE8D-498D-4BFE-8000-A39061D921FC}"
EndProject
Project("{2150E333-8FDC-42A3-9474-1A3956D46DE8}") = "Catalogo", "Catalogo", "{C568D1D3-F1FA-46A1-B3B9-8F093F8B23F2}"
EndProject
Project("{FAE04EC0-301F-11D3-BF4B-00C04F79EFBC}") = "Catalogo.API", "src\services\Catalogo.API\Catalogo.API.csproj", "{1E3F57F3-DE8C-45B2-8D3F-3A7616221561}"
EndProject
Project("{2150E333-8FDC-42A3-9474-1A3956D46DE8}") = "Cliente", "Cliente", "{F3AA4987-C100-4CF6-BBC6-CE9D33BF7082}"
EndProject
Project("{2150E333-8FDC-42A3-9474-1A3956D46DE8}") = "Pagamento", "Pagamento", "{A5621DCC-548A-43D5-A190-A3FD222655E3}"
EndProject
Project("{FAE04EC0-301F-11D3-BF4B-00C04F79EFBC}") = "Cliente.API", "src\services\Cliente.API\Cliente.API.csproj", "{8653B224-5AC3-42C2-9DB7-9EE13F188C91}"
EndProject
Project("{FAE04EC0-301F-11D3-BF4B-00C04F79EFBC}") = "Pagamento.API", "src\services\Pagamento.API\Pagamento.API.csproj", "{0C32E32B-258E-409B-8396-120D0C34B189}"
EndProject
Project("{2150E333-8FDC-42A3-9474-1A3956D46DE8}") = "Pedido", "Pedido", "{63BC9DCB-A8D9-43D7-B538-30FB75BEBE64}"
EndProject
Project("{FAE04EC0-301F-11D3-BF4B-00C04F79EFBC}") = "Pedido.API", "src\services\Pedido.API\Pedido.API.csproj", "{FE2A0557-7F3E-4346-8C16-8F06FEDBEDC2}"
EndProject
Global
	GlobalSection(SolutionConfigurationPlatforms) = preSolution
		Debug|Any CPU = Debug|Any CPU
		Release|Any CPU = Release|Any CPU
	EndGlobalSection
	GlobalSection(NestedProjects) = preSolution
		{F0948641-BAAF-4ADB-8E72-060C7A1FBE22} = {E06B25BD-CD08-46CE-B727-0090D182B201}
		{0686CE42-5870-478B-BAA2-93286C94B4F7} = {F0948641-BAAF-4ADB-8E72-060C7A1FBE22}
		{5532538B-B172-43B3-B3BA-0E0FFE12DAEA} = {57746C56-063A-4AC7-9D89-212108E0B1A3}
		{43AA5E97-0EB5-40F0-90DE-46CE2461D334} = {5532538B-B172-43B3-B3BA-0E0FFE12DAEA}
		{87F5B953-3D25-4E33-9E0B-9198157F224A} = {250F33B8-1112-4F0A-B722-C77F041C1C95}
		{FBAB459E-36A1-4935-9FDB-F157F3044828} = {87F5B953-3D25-4E33-9E0B-9198157F224A}
		{8066E0FC-124A-467B-AF68-43DA986409AA} = {E06B25BD-CD08-46CE-B727-0090D182B201}
		{52C0BE8D-498D-4BFE-8000-A39061D921FC} = {8066E0FC-124A-467B-AF68-43DA986409AA}
		{C568D1D3-F1FA-46A1-B3B9-8F093F8B23F2} = {E06B25BD-CD08-46CE-B727-0090D182B201}
		{1E3F57F3-DE8C-45B2-8D3F-3A7616221561} = {C568D1D3-F1FA-46A1-B3B9-8F093F8B23F2}
		{F3AA4987-C100-4CF6-BBC6-CE9D33BF7082} = {E06B25BD-CD08-46CE-B727-0090D182B201}
		{A5621DCC-548A-43D5-A190-A3FD222655E3} = {E06B25BD-CD08-46CE-B727-0090D182B201}
		{8653B224-5AC3-42C2-9DB7-9EE13F188C91} = {F3AA4987-C100-4CF6-BBC6-CE9D33BF7082}
		{0C32E32B-258E-409B-8396-120D0C34B189} = {A5621DCC-548A-43D5-A190-A3FD222655E3}
		{63BC9DCB-A8D9-43D7-B538-30FB75BEBE64} = {E06B25BD-CD08-46CE-B727-0090D182B201}
		{FE2A0557-7F3E-4346-8C16-8F06FEDBEDC2} = {63BC9DCB-A8D9-43D7-B538-30FB75BEBE64}
	EndGlobalSection
	GlobalSection(ProjectConfigurationPlatforms) = postSolution
		{0686CE42-5870-478B-BAA2-93286C94B4F7}.Debug|Any CPU.ActiveCfg = Debug|Any CPU
		{0686CE42-5870-478B-BAA2-93286C94B4F7}.Debug|Any CPU.Build.0 = Debug|Any CPU
		{0686CE42-5870-478B-BAA2-93286C94B4F7}.Release|Any CPU.ActiveCfg = Release|Any CPU
		{0686CE42-5870-478B-BAA2-93286C94B4F7}.Release|Any CPU.Build.0 = Release|Any CPU
		{43AA5E97-0EB5-40F0-90DE-46CE2461D334}.Debug|Any CPU.ActiveCfg = Debug|Any CPU
		{43AA5E97-0EB5-40F0-90DE-46CE2461D334}.Debug|Any CPU.Build.0 = Debug|Any CPU
		{43AA5E97-0EB5-40F0-90DE-46CE2461D334}.Release|Any CPU.ActiveCfg = Release|Any CPU
		{43AA5E97-0EB5-40F0-90DE-46CE2461D334}.Release|Any CPU.Build.0 = Release|Any CPU
		{FBAB459E-36A1-4935-9FDB-F157F3044828}.Debug|Any CPU.ActiveCfg = Debug|Any CPU
		{FBAB459E-36A1-4935-9FDB-F157F3044828}.Debug|Any CPU.Build.0 = Debug|Any CPU
		{FBAB459E-36A1-4935-9FDB-F157F3044828}.Release|Any CPU.ActiveCfg = Release|Any CPU
		{FBAB459E-36A1-4935-9FDB-F157F3044828}.Release|Any CPU.Build.0 = Release|Any CPU
		{52C0BE8D-498D-4BFE-8000-A39061D921FC}.Debug|Any CPU.ActiveCfg = Debug|Any CPU
		{52C0BE8D-498D-4BFE-8000-A39061D921FC}.Debug|Any CPU.Build.0 = Debug|Any CPU
		{52C0BE8D-498D-4BFE-8000-A39061D921FC}.Release|Any CPU.ActiveCfg = Release|Any CPU
		{52C0BE8D-498D-4BFE-8000-A39061D921FC}.Release|Any CPU.Build.0 = Release|Any CPU
		{1E3F57F3-DE8C-45B2-8D3F-3A7616221561}.Debug|Any CPU.ActiveCfg = Debug|Any CPU
		{1E3F57F3-DE8C-45B2-8D3F-3A7616221561}.Debug|Any CPU.Build.0 = Debug|Any CPU
		{1E3F57F3-DE8C-45B2-8D3F-3A7616221561}.Release|Any CPU.ActiveCfg = Release|Any CPU
		{1E3F57F3-DE8C-45B2-8D3F-3A7616221561}.Release|Any CPU.Build.0 = Release|Any CPU
		{8653B224-5AC3-42C2-9DB7-9EE13F188C91}.Debug|Any CPU.ActiveCfg = Debug|Any CPU
		{8653B224-5AC3-42C2-9DB7-9EE13F188C91}.Debug|Any CPU.Build.0 = Debug|Any CPU
		{8653B224-5AC3-42C2-9DB7-9EE13F188C91}.Release|Any CPU.ActiveCfg = Release|Any CPU
		{8653B224-5AC3-42C2-9DB7-9EE13F188C91}.Release|Any CPU.Build.0 = Release|Any CPU
		{0C32E32B-258E-409B-8396-120D0C34B189}.Debug|Any CPU.ActiveCfg = Debug|Any CPU
		{0C32E32B-258E-409B-8396-120D0C34B189}.Debug|Any CPU.Build.0 = Debug|Any CPU
		{0C32E32B-258E-409B-8396-120D0C34B189}.Release|Any CPU.ActiveCfg = Release|Any CPU
		{0C32E32B-258E-409B-8396-120D0C34B189}.Release|Any CPU.Build.0 = Release|Any CPU
		{FE2A0557-7F3E-4346-8C16-8F06FEDBEDC2}.Debug|Any CPU.ActiveCfg = Debug|Any CPU
		{FE2A0557-7F3E-4346-8C16-8F06FEDBEDC2}.Debug|Any CPU.Build.0 = Debug|Any CPU
		{FE2A0557-7F3E-4346-8C16-8F06FEDBEDC2}.Release|Any CPU.ActiveCfg = Release|Any CPU
		{FE2A0557-7F3E-4346-8C16-8F06FEDBEDC2}.Release|Any CPU.Build.0 = Release|Any CPU
	EndGlobalSection
EndGlobal
